
Microsoft Visual Studio Solution File, Format Version 11.00
# Visual Studio 2010
Project("{FAE04EC0-301F-11D3-BF4B-00C04F79EFBC}") = "CoordConvertApp", "CoordConvert\CoordConvertApp.csproj", "{A431CFAA-AAFF-4D72-A163-25CA4C275220}"
EndProject
Project("{FAE04EC0-301F-11D3-BF4B-00C04F79EFBC}") = "CoordConvertDLL", "CoordConvertDLL\CoordConvertDLL.csproj", "{0705D465-925A-497B-9386-1BFE32C2B88D}"
EndProject
Global
	GlobalSection(SolutionConfigurationPlatforms) = preSolution
		Debug|Any CPU = Debug|Any CPU
		Debug|Mixed Platforms = Debug|Mixed Platforms
		Debug|x86 = Debug|x86
		Release|Any CPU = Release|Any CPU
		Release|Mixed Platforms = Release|Mixed Platforms
		Release|x86 = Release|x86
	EndGlobalSection
	GlobalSection(ProjectConfigurationPlatforms) = postSolution
		{A431CFAA-AAFF-4D72-A163-25CA4C275220}.Debug|Any CPU.ActiveCfg = Debug|x86
		{A431CFAA-AAFF-4D72-A163-25CA4C275220}.Debug|Mixed Platforms.ActiveCfg = Debug|x86
		{A431CFAA-AAFF-4D72-A163-25CA4C275220}.Debug|Mixed Platforms.Build.0 = Debug|x86
		{A431CFAA-AAFF-4D72-A163-25CA4C275220}.Debug|x86.ActiveCfg = Debug|x86
		{A431CFAA-AAFF-4D72-A163-25CA4C275220}.Debug|x86.Build.0 = Debug|x86
		{A431CFAA-AAFF-4D72-A163-25CA4C275220}.Release|Any CPU.ActiveCfg = Release|x86
		{A431CFAA-AAFF-4D72-A163-25CA4C275220}.Release|Mixed Platforms.ActiveCfg = Release|x86
		{A431CFAA-AAFF-4D72-A163-25CA4C275220}.Release|Mixed Platforms.Build.0 = Release|x86
		{A431CFAA-AAFF-4D72-A163-25CA4C275220}.Release|x86.ActiveCfg = Release|x86
		{A431CFAA-AAFF-4D72-A163-25CA4C275220}.Release|x86.Build.0 = Release|x86
		{0705D465-925A-497B-9386-1BFE32C2B88D}.Debug|Any CPU.ActiveCfg = Debug|Any CPU
		{0705D465-925A-497B-9386-1BFE32C2B88D}.Debug|Any CPU.Build.0 = Debug|Any CPU
		{0705D465-925A-497B-9386-1BFE32C2B88D}.Debug|Mixed Platforms.ActiveCfg = Debug|Any CPU
		{0705D465-925A-497B-9386-1BFE32C2B88D}.Debug|Mixed Platforms.Build.0 = Debug|Any CPU
		{0705D465-925A-497B-9386-1BFE32C2B88D}.Debug|x86.ActiveCfg = Debug|Any CPU
		{0705D465-925A-497B-9386-1BFE32C2B88D}.Release|Any CPU.ActiveCfg = Release|Any CPU
		{0705D465-925A-497B-9386-1BFE32C2B88D}.Release|Any CPU.Build.0 = Release|Any CPU
		{0705D465-925A-497B-9386-1BFE32C2B88D}.Release|Mixed Platforms.ActiveCfg = Release|Any CPU
		{0705D465-925A-497B-9386-1BFE32C2B88D}.Release|Mixed Platforms.Build.0 = Release|Any CPU
		{0705D465-925A-497B-9386-1BFE32C2B88D}.Release|x86.ActiveCfg = Release|Any CPU
	EndGlobalSection
	GlobalSection(SolutionProperties) = preSolution
		HideSolutionNode = FALSE
	EndGlobalSection
EndGlobal
